
Microsoft Visual Studio Solution File, Format Version 12.00
# Visual Studio Version 17
VisualStudioVersion = 17.5.002.0
MinimumVisualStudioVersion = 10.0.40219.1
Project("{9A19103F-16F7-4668-BE54-9A1E7A4F7556}") = "FormulaDoPadeiro", "FormulaDoPadeiro.csproj", "{CD533AB3-A1CB-4465-A422-4DD17A5CB6ED}"
EndProject
Global
	GlobalSection(SolutionConfigurationPlatforms) = preSolution
		Debug|Any CPU = Debug|Any CPU
		Release|Any CPU = Release|Any CPU
	EndGlobalSection
	GlobalSection(ProjectConfigurationPlatforms) = postSolution
		{CD533AB3-A1CB-4465-A422-4DD17A5CB6ED}.Debug|Any CPU.ActiveCfg = Debug|Any CPU
		{CD533AB3-A1CB-4465-A422-4DD17A5CB6ED}.Debug|Any CPU.Build.0 = Debug|Any CPU
		{CD533AB3-A1CB-4465-A422-4DD17A5CB6ED}.Release|Any CPU.ActiveCfg = Release|Any CPU
		{CD533AB3-A1CB-4465-A422-4DD17A5CB6ED}.Release|Any CPU.Build.0 = Release|Any CPU
	EndGlobalSection
	GlobalSection(SolutionProperties) = preSolution
		HideSolutionNode = FALSE
	EndGlobalSection
	GlobalSection(ExtensibilityGlobals) = postSolution
		SolutionGuid = {584DDA03-B6B6-4489-A861-1290E46FB779}
	EndGlobalSection
EndGlobal
